// !$*UTF8*$!
{
	archiveVersion = 1;
	classes = {
	};
	objectVersion = 52;
	objects = {

/* Begin PBXBuildFile section */
		C4068F2C23D516DC006A784B /* Pokemon.swift in Sources */ = {isa = PBXBuildFile; fileRef = C4068F2A23D516DC006A784B /* Pokemon.swift */; };
		C4068F3223D54895006A784B /* SharedArchive.swift in Sources */ = {isa = PBXBuildFile; fileRef = C4068F2D23D54895006A784B /* SharedArchive.swift */; };
		C4068F3323D54895006A784B /* SharedJSON.swift in Sources */ = {isa = PBXBuildFile; fileRef = C4068F2E23D54895006A784B /* SharedJSON.swift */; };
		C4068F3423D54895006A784B /* CommonConstants.swift in Sources */ = {isa = PBXBuildFile; fileRef = C4068F2F23D54895006A784B /* CommonConstants.swift */; };
		C4068F3523D54895006A784B /* ObjectSharedProtocol.swift in Sources */ = {isa = PBXBuildFile; fileRef = C4068F3023D54895006A784B /* ObjectSharedProtocol.swift */; };
		C4068F3623D54895006A784B /* SharedData.swift in Sources */ = {isa = PBXBuildFile; fileRef = C4068F3123D54895006A784B /* SharedData.swift */; };
		C4068F3823D54F7B006A784B /* SharedPNG.swift in Sources */ = {isa = PBXBuildFile; fileRef = C4068F3723D54F7B006A784B /* SharedPNG.swift */; };
		C4068F3923D55270006A784B /* SharedPNG.swift in Sources */ = {isa = PBXBuildFile; fileRef = C4068F3723D54F7B006A784B /* SharedPNG.swift */; };
		C4068F3A23D56375006A784B /* CommonConstants.swift in Sources */ = {isa = PBXBuildFile; fileRef = C4068F2F23D54895006A784B /* CommonConstants.swift */; };
		C4068F3B23D56375006A784B /* ObjectSharedProtocol.swift in Sources */ = {isa = PBXBuildFile; fileRef = C4068F3023D54895006A784B /* ObjectSharedProtocol.swift */; };
		C4068F3C23D56375006A784B /* SharedArchive.swift in Sources */ = {isa = PBXBuildFile; fileRef = C4068F2D23D54895006A784B /* SharedArchive.swift */; };
		C4068F3D23D56375006A784B /* SharedData.swift in Sources */ = {isa = PBXBuildFile; fileRef = C4068F3123D54895006A784B /* SharedData.swift */; };
		C4068F3E23D56375006A784B /* SharedJSON.swift in Sources */ = {isa = PBXBuildFile; fileRef = C4068F2E23D54895006A784B /* SharedJSON.swift */; };
		C4068F3F23D5641C006A784B /* Pokemon.swift in Sources */ = {isa = PBXBuildFile; fileRef = C4068F2A23D516DC006A784B /* Pokemon.swift */; };
		C4141534240ACBCD00AB92C2 /* BackgroundRetriever.swift in Sources */ = {isa = PBXBuildFile; fileRef = C4141532240A028F00AB92C2 /* BackgroundRetriever.swift */; };
		C4141535240ACC6400AB92C2 /* Retriever.swift in Sources */ = {isa = PBXBuildFile; fileRef = C4141530240A026900AB92C2 /* Retriever.swift */; };
		C4141538240AD22C00AB92C2 /* PokemonDownloader.swift in Sources */ = {isa = PBXBuildFile; fileRef = C4141537240AD22C00AB92C2 /* PokemonDownloader.swift */; };
		C414153A240AD2BE00AB92C2 /* PokemonImageDownloader.swift in Sources */ = {isa = PBXBuildFile; fileRef = C4141539240AD2BE00AB92C2 /* PokemonImageDownloader.swift */; };
		C414153C240ADAF500AB92C2 /* AppErrors.swift in Sources */ = {isa = PBXBuildFile; fileRef = C414153B240ADAF500AB92C2 /* AppErrors.swift */; };
		C4AA83C723F86208002649FD /* TypeAliases.swift in Sources */ = {isa = PBXBuildFile; fileRef = C4AA83C623F86208002649FD /* TypeAliases.swift */; };
		C4D1C73A23C0F6B100F31911 /* AppDelegate.swift in Sources */ = {isa = PBXBuildFile; fileRef = C4D1C73923C0F6B100F31911 /* AppDelegate.swift */; };
		C4D1C73C23C0F6B100F31911 /* SceneDelegate.swift in Sources */ = {isa = PBXBuildFile; fileRef = C4D1C73B23C0F6B100F31911 /* SceneDelegate.swift */; };
		C4D1C73E23C0F6B100F31911 /* ViewController.swift in Sources */ = {isa = PBXBuildFile; fileRef = C4D1C73D23C0F6B100F31911 /* ViewController.swift */; };
		C4D1C74123C0F6B100F31911 /* Main.storyboard in Resources */ = {isa = PBXBuildFile; fileRef = C4D1C73F23C0F6B100F31911 /* Main.storyboard */; };
		C4D1C74323C0F6B500F31911 /* Assets.xcassets in Resources */ = {isa = PBXBuildFile; fileRef = C4D1C74223C0F6B500F31911 /* Assets.xcassets */; };
		C4D1C74623C0F6B500F31911 /* LaunchScreen.storyboard in Resources */ = {isa = PBXBuildFile; fileRef = C4D1C74423C0F6B500F31911 /* LaunchScreen.storyboard */; };
		C4D1C75123C0F6B500F31911 /* TodayWidgetDemoTests.swift in Sources */ = {isa = PBXBuildFile; fileRef = C4D1C75023C0F6B500F31911 /* TodayWidgetDemoTests.swift */; };
		C4D1C76223C0FEE300F31911 /* NotificationCenter.framework in Frameworks */ = {isa = PBXBuildFile; fileRef = C4D1C76123C0FEE300F31911 /* NotificationCenter.framework */; };
		C4D1C76523C0FEE300F31911 /* TodayViewController.swift in Sources */ = {isa = PBXBuildFile; fileRef = C4D1C76423C0FEE300F31911 /* TodayViewController.swift */; };
		C4D1C76823C0FEE300F31911 /* MainInterface.storyboard in Resources */ = {isa = PBXBuildFile; fileRef = C4D1C76623C0FEE300F31911 /* MainInterface.storyboard */; };
		C4D1C76C23C0FEE300F31911 /* Today Widget Demo Widget.appex in Embed App Extensions */ = {isa = PBXBuildFile; fileRef = C4D1C75F23C0FEE300F31911 /* Today Widget Demo Widget.appex */; settings = {ATTRIBUTES = (RemoveHeadersOnCopy, ); }; };
/* End PBXBuildFile section */

/* Begin PBXContainerItemProxy section */
		C4D1C74D23C0F6B500F31911 /* PBXContainerItemProxy */ = {
			isa = PBXContainerItemProxy;
			containerPortal = C4D1C72E23C0F6B100F31911 /* Project object */;
			proxyType = 1;
			remoteGlobalIDString = C4D1C73523C0F6B100F31911;
			remoteInfo = TodayWidgetDemo;
		};
		C4D1C76A23C0FEE300F31911 /* PBXContainerItemProxy */ = {
			isa = PBXContainerItemProxy;
			containerPortal = C4D1C72E23C0F6B100F31911 /* Project object */;
			proxyType = 1;
			remoteGlobalIDString = C4D1C75E23C0FEE300F31911;
			remoteInfo = TodayWidgetDemoWidget;
		};
/* End PBXContainerItemProxy section */

/* Begin PBXCopyFilesBuildPhase section */
		C4D1C77023C0FEE300F31911 /* Embed App Extensions */ = {
			isa = PBXCopyFilesBuildPhase;
			buildActionMask = 2147483647;
			dstPath = "";
			dstSubfolderSpec = 13;
			files = (
				C4D1C76C23C0FEE300F31911 /* Today Widget Demo Widget.appex in Embed App Extensions */,
			);
			name = "Embed App Extensions";
			runOnlyForDeploymentPostprocessing = 0;
		};
/* End PBXCopyFilesBuildPhase section */

/* Begin PBXFileReference section */
		C4068F2A23D516DC006A784B /* Pokemon.swift */ = {isa = PBXFileReference; fileEncoding = 4; lastKnownFileType = sourcecode.swift; path = Pokemon.swift; sourceTree = "<group>"; };
		C4068F2D23D54895006A784B /* SharedArchive.swift */ = {isa = PBXFileReference; fileEncoding = 4; lastKnownFileType = sourcecode.swift; path = SharedArchive.swift; sourceTree = "<group>"; };
		C4068F2E23D54895006A784B /* SharedJSON.swift */ = {isa = PBXFileReference; fileEncoding = 4; lastKnownFileType = sourcecode.swift; path = SharedJSON.swift; sourceTree = "<group>"; };
		C4068F2F23D54895006A784B /* CommonConstants.swift */ = {isa = PBXFileReference; fileEncoding = 4; lastKnownFileType = sourcecode.swift; path = CommonConstants.swift; sourceTree = "<group>"; };
		C4068F3023D54895006A784B /* ObjectSharedProtocol.swift */ = {isa = PBXFileReference; fileEncoding = 4; lastKnownFileType = sourcecode.swift; path = ObjectSharedProtocol.swift; sourceTree = "<group>"; };
		C4068F3123D54895006A784B /* SharedData.swift */ = {isa = PBXFileReference; fileEncoding = 4; lastKnownFileType = sourcecode.swift; path = SharedData.swift; sourceTree = "<group>"; };
		C4068F3723D54F7B006A784B /* SharedPNG.swift */ = {isa = PBXFileReference; lastKnownFileType = sourcecode.swift; path = SharedPNG.swift; sourceTree = "<group>"; };
		C4141530240A026900AB92C2 /* Retriever.swift */ = {isa = PBXFileReference; fileEncoding = 4; lastKnownFileType = sourcecode.swift; path = Retriever.swift; sourceTree = "<group>"; };
		C4141532240A028F00AB92C2 /* BackgroundRetriever.swift */ = {isa = PBXFileReference; fileEncoding = 4; lastKnownFileType = sourcecode.swift; path = BackgroundRetriever.swift; sourceTree = "<group>"; };
		C4141537240AD22C00AB92C2 /* PokemonDownloader.swift */ = {isa = PBXFileReference; lastKnownFileType = sourcecode.swift; path = PokemonDownloader.swift; sourceTree = "<group>"; };
		C4141539240AD2BE00AB92C2 /* PokemonImageDownloader.swift */ = {isa = PBXFileReference; lastKnownFileType = sourcecode.swift; path = PokemonImageDownloader.swift; sourceTree = "<group>"; };
		C414153B240ADAF500AB92C2 /* AppErrors.swift */ = {isa = PBXFileReference; lastKnownFileType = sourcecode.swift; path = AppErrors.swift; sourceTree = "<group>"; };
		C4AA83C623F86208002649FD /* TypeAliases.swift */ = {isa = PBXFileReference; lastKnownFileType = sourcecode.swift; path = TypeAliases.swift; sourceTree = "<group>"; };
		C4D1C73623C0F6B100F31911 /* Today Widget Demo.app */ = {isa = PBXFileReference; explicitFileType = wrapper.application; includeInIndex = 0; path = "Today Widget Demo.app"; sourceTree = BUILT_PRODUCTS_DIR; };
		C4D1C73923C0F6B100F31911 /* AppDelegate.swift */ = {isa = PBXFileReference; lastKnownFileType = sourcecode.swift; path = AppDelegate.swift; sourceTree = "<group>"; };
		C4D1C73B23C0F6B100F31911 /* SceneDelegate.swift */ = {isa = PBXFileReference; lastKnownFileType = sourcecode.swift; path = SceneDelegate.swift; sourceTree = "<group>"; };
		C4D1C73D23C0F6B100F31911 /* ViewController.swift */ = {isa = PBXFileReference; lastKnownFileType = sourcecode.swift; path = ViewController.swift; sourceTree = "<group>"; };
		C4D1C74023C0F6B100F31911 /* Base */ = {isa = PBXFileReference; lastKnownFileType = file.storyboard; name = Base; path = Base.lproj/Main.storyboard; sourceTree = "<group>"; };
		C4D1C74223C0F6B500F31911 /* Assets.xcassets */ = {isa = PBXFileReference; lastKnownFileType = folder.assetcatalog; path = Assets.xcassets; sourceTree = "<group>"; };
		C4D1C74523C0F6B500F31911 /* Base */ = {isa = PBXFileReference; lastKnownFileType = file.storyboard; name = Base; path = Base.lproj/LaunchScreen.storyboard; sourceTree = "<group>"; };
		C4D1C74723C0F6B500F31911 /* Info.plist */ = {isa = PBXFileReference; lastKnownFileType = text.plist.xml; path = Info.plist; sourceTree = "<group>"; };
		C4D1C74C23C0F6B500F31911 /* TodayWidgetDemoTests.xctest */ = {isa = PBXFileReference; explicitFileType = wrapper.cfbundle; includeInIndex = 0; path = TodayWidgetDemoTests.xctest; sourceTree = BUILT_PRODUCTS_DIR; };
		C4D1C75023C0F6B500F31911 /* TodayWidgetDemoTests.swift */ = {isa = PBXFileReference; lastKnownFileType = sourcecode.swift; path = TodayWidgetDemoTests.swift; sourceTree = "<group>"; };
		C4D1C75223C0F6B500F31911 /* Info.plist */ = {isa = PBXFileReference; lastKnownFileType = text.plist.xml; path = Info.plist; sourceTree = "<group>"; };
		C4D1C75F23C0FEE300F31911 /* Today Widget Demo Widget.appex */ = {isa = PBXFileReference; explicitFileType = "wrapper.app-extension"; includeInIndex = 0; path = "Today Widget Demo Widget.appex"; sourceTree = BUILT_PRODUCTS_DIR; };
		C4D1C76123C0FEE300F31911 /* NotificationCenter.framework */ = {isa = PBXFileReference; lastKnownFileType = wrapper.framework; name = NotificationCenter.framework; path = System/Library/Frameworks/NotificationCenter.framework; sourceTree = SDKROOT; };
		C4D1C76423C0FEE300F31911 /* TodayViewController.swift */ = {isa = PBXFileReference; lastKnownFileType = sourcecode.swift; path = TodayViewController.swift; sourceTree = "<group>"; };
		C4D1C76723C0FEE300F31911 /* Base */ = {isa = PBXFileReference; lastKnownFileType = file.storyboard; name = Base; path = Base.lproj/MainInterface.storyboard; sourceTree = "<group>"; };
		C4D1C76923C0FEE300F31911 /* Info.plist */ = {isa = PBXFileReference; lastKnownFileType = text.plist.xml; path = Info.plist; sourceTree = "<group>"; };
		C4D1C77123C1007B00F31911 /* TodayWidgetDemo.entitlements */ = {isa = PBXFileReference; lastKnownFileType = text.plist.entitlements; path = TodayWidgetDemo.entitlements; sourceTree = "<group>"; };
		C4D1C77223C100F400F31911 /* TodayWidgetDemoWidget.entitlements */ = {isa = PBXFileReference; lastKnownFileType = text.plist.entitlements; path = TodayWidgetDemoWidget.entitlements; sourceTree = "<group>"; };
/* End PBXFileReference section */

/* Begin PBXFrameworksBuildPhase section */
		C4D1C73323C0F6B100F31911 /* Frameworks */ = {
			isa = PBXFrameworksBuildPhase;
			buildActionMask = 2147483647;
			files = (
			);
			runOnlyForDeploymentPostprocessing = 0;
		};
		C4D1C74923C0F6B500F31911 /* Frameworks */ = {
			isa = PBXFrameworksBuildPhase;
			buildActionMask = 2147483647;
			files = (
			);
			runOnlyForDeploymentPostprocessing = 0;
		};
		C4D1C75C23C0FEE300F31911 /* Frameworks */ = {
			isa = PBXFrameworksBuildPhase;
			buildActionMask = 2147483647;
			files = (
				C4D1C76223C0FEE300F31911 /* NotificationCenter.framework in Frameworks */,
			);
			runOnlyForDeploymentPostprocessing = 0;
		};
/* End PBXFrameworksBuildPhase section */

/* Begin PBXGroup section */
		C4068F2823D516CB006A784B /* Model */ = {
			isa = PBXGroup;
			children = (
				C4068F2A23D516DC006A784B /* Pokemon.swift */,
			);
			path = Model;
			sourceTree = "<group>";
		};
		C414152F240A025800AB92C2 /* Retriever */ = {
			isa = PBXGroup;
			children = (
				C4141530240A026900AB92C2 /* Retriever.swift */,
				C4141532240A028F00AB92C2 /* BackgroundRetriever.swift */,
			);
			path = Retriever;
			sourceTree = "<group>";
		};
		C4141536240AD21100AB92C2 /* Downloaders */ = {
			isa = PBXGroup;
			children = (
				C4141537240AD22C00AB92C2 /* PokemonDownloader.swift */,
				C4141539240AD2BE00AB92C2 /* PokemonImageDownloader.swift */,
			);
			path = Downloaders;
			sourceTree = "<group>";
		};
		C4D1C72D23C0F6B100F31911 = {
			isa = PBXGroup;
			children = (
				C4D1C77623C104BD00F31911 /* Common */,
				C4D1C73823C0F6B100F31911 /* TodayWidgetDemo */,
				C4D1C76323C0FEE300F31911 /* TodayWidgetDemoWidget */,
				C4D1C74F23C0F6B500F31911 /* TodayWidgetDemoTests */,
				C4D1C76023C0FEE300F31911 /* Frameworks */,
				C4D1C73723C0F6B100F31911 /* Products */,
			);
			sourceTree = "<group>";
		};
		C4D1C73723C0F6B100F31911 /* Products */ = {
			isa = PBXGroup;
			children = (
				C4D1C73623C0F6B100F31911 /* Today Widget Demo.app */,
				C4D1C74C23C0F6B500F31911 /* TodayWidgetDemoTests.xctest */,
				C4D1C75F23C0FEE300F31911 /* Today Widget Demo Widget.appex */,
			);
			name = Products;
			sourceTree = "<group>";
		};
		C4D1C73823C0F6B100F31911 /* TodayWidgetDemo */ = {
			isa = PBXGroup;
			children = (
				C4141536240AD21100AB92C2 /* Downloaders */,
				C414152F240A025800AB92C2 /* Retriever */,
				C4AA83C623F86208002649FD /* TypeAliases.swift */,
				C4068F2823D516CB006A784B /* Model */,
				C4D1C77123C1007B00F31911 /* TodayWidgetDemo.entitlements */,
				C4D1C73923C0F6B100F31911 /* AppDelegate.swift */,
				C4D1C73B23C0F6B100F31911 /* SceneDelegate.swift */,
				C4D1C73D23C0F6B100F31911 /* ViewController.swift */,
				C4D1C73F23C0F6B100F31911 /* Main.storyboard */,
				C4D1C74223C0F6B500F31911 /* Assets.xcassets */,
				C4D1C74423C0F6B500F31911 /* LaunchScreen.storyboard */,
				C4D1C74723C0F6B500F31911 /* Info.plist */,
				C414153B240ADAF500AB92C2 /* AppErrors.swift */,
			);
			path = TodayWidgetDemo;
			sourceTree = "<group>";
		};
		C4D1C74F23C0F6B500F31911 /* TodayWidgetDemoTests */ = {
			isa = PBXGroup;
			children = (
				C4D1C75223C0F6B500F31911 /* Info.plist */,
				C4D1C75023C0F6B500F31911 /* TodayWidgetDemoTests.swift */,
			);
			path = TodayWidgetDemoTests;
			sourceTree = "<group>";
		};
		C4D1C76023C0FEE300F31911 /* Frameworks */ = {
			isa = PBXGroup;
			children = (
				C4D1C76123C0FEE300F31911 /* NotificationCenter.framework */,
			);
			name = Frameworks;
			sourceTree = "<group>";
		};
		C4D1C76323C0FEE300F31911 /* TodayWidgetDemoWidget */ = {
			isa = PBXGroup;
			children = (
				C4D1C77223C100F400F31911 /* TodayWidgetDemoWidget.entitlements */,
				C4D1C76423C0FEE300F31911 /* TodayViewController.swift */,
				C4D1C76623C0FEE300F31911 /* MainInterface.storyboard */,
				C4D1C76923C0FEE300F31911 /* Info.plist */,
			);
			path = TodayWidgetDemoWidget;
			sourceTree = "<group>";
		};
		C4D1C77623C104BD00F31911 /* Common */ = {
			isa = PBXGroup;
			children = (
				C4068F2F23D54895006A784B /* CommonConstants.swift */,
				C4068F3023D54895006A784B /* ObjectSharedProtocol.swift */,
				C4068F2D23D54895006A784B /* SharedArchive.swift */,
				C4068F3123D54895006A784B /* SharedData.swift */,
				C4068F2E23D54895006A784B /* SharedJSON.swift */,
				C4068F3723D54F7B006A784B /* SharedPNG.swift */,
			);
			path = Common;
			sourceTree = "<group>";
		};
/* End PBXGroup section */

/* Begin PBXNativeTarget section */
		C4D1C73523C0F6B100F31911 /* TodayWidgetDemo */ = {
			isa = PBXNativeTarget;
			buildConfigurationList = C4D1C75523C0F6B500F31911 /* Build configuration list for PBXNativeTarget "TodayWidgetDemo" */;
			buildPhases = (
				C4D1C73223C0F6B100F31911 /* Sources */,
				C4D1C73323C0F6B100F31911 /* Frameworks */,
				C4D1C73423C0F6B100F31911 /* Resources */,
				C4D1C77023C0FEE300F31911 /* Embed App Extensions */,
			);
			buildRules = (
			);
			dependencies = (
				C4D1C76B23C0FEE300F31911 /* PBXTargetDependency */,
			);
			name = TodayWidgetDemo;
			productName = TodayWidgetDemo;
			productReference = C4D1C73623C0F6B100F31911 /* Today Widget Demo.app */;
			productType = "com.apple.product-type.application";
		};
		C4D1C74B23C0F6B500F31911 /* TodayWidgetDemoTests */ = {
			isa = PBXNativeTarget;
			buildConfigurationList = C4D1C75823C0F6B500F31911 /* Build configuration list for PBXNativeTarget "TodayWidgetDemoTests" */;
			buildPhases = (
				C4D1C74823C0F6B500F31911 /* Sources */,
				C4D1C74923C0F6B500F31911 /* Frameworks */,
				C4D1C74A23C0F6B500F31911 /* Resources */,
			);
			buildRules = (
			);
			dependencies = (
				C4D1C74E23C0F6B500F31911 /* PBXTargetDependency */,
			);
			name = TodayWidgetDemoTests;
			productName = TodayWidgetDemoTests;
			productReference = C4D1C74C23C0F6B500F31911 /* TodayWidgetDemoTests.xctest */;
			productType = "com.apple.product-type.bundle.unit-test";
		};
		C4D1C75E23C0FEE300F31911 /* TodayWidgetDemoWidget */ = {
			isa = PBXNativeTarget;
			buildConfigurationList = C4D1C76D23C0FEE300F31911 /* Build configuration list for PBXNativeTarget "TodayWidgetDemoWidget" */;
			buildPhases = (
				C4D1C75B23C0FEE300F31911 /* Sources */,
				C4D1C75C23C0FEE300F31911 /* Frameworks */,
				C4D1C75D23C0FEE300F31911 /* Resources */,
			);
			buildRules = (
			);
			dependencies = (
			);
			name = TodayWidgetDemoWidget;
			productName = TodayWidgetDemoWidget;
			productReference = C4D1C75F23C0FEE300F31911 /* Today Widget Demo Widget.appex */;
			productType = "com.apple.product-type.app-extension";
		};
/* End PBXNativeTarget section */

/* Begin PBXProject section */
		C4D1C72E23C0F6B100F31911 /* Project object */ = {
			isa = PBXProject;
			attributes = {
				LastSwiftUpdateCheck = 1130;
				LastUpgradeCheck = 1130;
				ORGANIZATIONNAME = "Cockleburr Software";
				TargetAttributes = {
					C4D1C73523C0F6B100F31911 = {
						CreatedOnToolsVersion = 11.3;
					};
					C4D1C74B23C0F6B500F31911 = {
						CreatedOnToolsVersion = 11.3;
						TestTargetID = C4D1C73523C0F6B100F31911;
					};
					C4D1C75E23C0FEE300F31911 = {
						CreatedOnToolsVersion = 11.3;
					};
				};
			};
			buildConfigurationList = C4D1C73123C0F6B100F31911 /* Build configuration list for PBXProject "TodayWidgetDemo" */;
			compatibilityVersion = "Xcode 11.0";
			developmentRegion = en;
			hasScannedForEncodings = 0;
			knownRegions = (
				en,
				Base,
			);
			mainGroup = C4D1C72D23C0F6B100F31911;
			productRefGroup = C4D1C73723C0F6B100F31911 /* Products */;
			projectDirPath = "";
			projectRoot = "";
			targets = (
				C4D1C73523C0F6B100F31911 /* TodayWidgetDemo */,
				C4D1C74B23C0F6B500F31911 /* TodayWidgetDemoTests */,
				C4D1C75E23C0FEE300F31911 /* TodayWidgetDemoWidget */,
			);
		};
/* End PBXProject section */

/* Begin PBXResourcesBuildPhase section */
		C4D1C73423C0F6B100F31911 /* Resources */ = {
			isa = PBXResourcesBuildPhase;
			buildActionMask = 2147483647;
			files = (
				C4D1C74623C0F6B500F31911 /* LaunchScreen.storyboard in Resources */,
				C4D1C74323C0F6B500F31911 /* Assets.xcassets in Resources */,
				C4D1C74123C0F6B100F31911 /* Main.storyboard in Resources */,
			);
			runOnlyForDeploymentPostprocessing = 0;
		};
		C4D1C74A23C0F6B500F31911 /* Resources */ = {
			isa = PBXResourcesBuildPhase;
			buildActionMask = 2147483647;
			files = (
			);
			runOnlyForDeploymentPostprocessing = 0;
		};
		C4D1C75D23C0FEE300F31911 /* Resources */ = {
			isa = PBXResourcesBuildPhase;
			buildActionMask = 2147483647;
			files = (
				C4D1C76823C0FEE300F31911 /* MainInterface.storyboard in Resources */,
			);
			runOnlyForDeploymentPostprocessing = 0;
		};
/* End PBXResourcesBuildPhase section */

/* Begin PBXSourcesBuildPhase section */
		C4D1C73223C0F6B100F31911 /* Sources */ = {
			isa = PBXSourcesBuildPhase;
			buildActionMask = 2147483647;
			files = (
				C4141534240ACBCD00AB92C2 /* BackgroundRetriever.swift in Sources */,
				C4D1C73E23C0F6B100F31911 /* ViewController.swift in Sources */,
				C4068F3523D54895006A784B /* ObjectSharedProtocol.swift in Sources */,
				C4068F3223D54895006A784B /* SharedArchive.swift in Sources */,
				C4D1C73A23C0F6B100F31911 /* AppDelegate.swift in Sources */,
				C4068F3323D54895006A784B /* SharedJSON.swift in Sources */,
				C4141535240ACC6400AB92C2 /* Retriever.swift in Sources */,
				C4068F2C23D516DC006A784B /* Pokemon.swift in Sources */,
				C414153C240ADAF500AB92C2 /* AppErrors.swift in Sources */,
				C4141538240AD22C00AB92C2 /* PokemonDownloader.swift in Sources */,
				C4068F3823D54F7B006A784B /* SharedPNG.swift in Sources */,
				C4D1C73C23C0F6B100F31911 /* SceneDelegate.swift in Sources */,
				C414153A240AD2BE00AB92C2 /* PokemonImageDownloader.swift in Sources */,
				C4068F3423D54895006A784B /* CommonConstants.swift in Sources */,
				C4068F3623D54895006A784B /* SharedData.swift in Sources */,
				C4AA83C723F86208002649FD /* TypeAliases.swift in Sources */,
			);
			runOnlyForDeploymentPostprocessing = 0;
		};
		C4D1C74823C0F6B500F31911 /* Sources */ = {
			isa = PBXSourcesBuildPhase;
			buildActionMask = 2147483647;
			files = (
				C4D1C75123C0F6B500F31911 /* TodayWidgetDemoTests.swift in Sources */,
			);
			runOnlyForDeploymentPostprocessing = 0;
		};
		C4D1C75B23C0FEE300F31911 /* Sources */ = {
			isa = PBXSourcesBuildPhase;
			buildActionMask = 2147483647;
			files = (
				C4068F3D23D56375006A784B /* SharedData.swift in Sources */,
				C4068F3F23D5641C006A784B /* Pokemon.swift in Sources */,
				C4068F3923D55270006A784B /* SharedPNG.swift in Sources */,
				C4068F3B23D56375006A784B /* ObjectSharedProtocol.swift in Sources */,
				C4068F3E23D56375006A784B /* SharedJSON.swift in Sources */,
				C4068F3A23D56375006A784B /* CommonConstants.swift in Sources */,
				C4D1C76523C0FEE300F31911 /* TodayViewController.swift in Sources */,
				C4068F3C23D56375006A784B /* SharedArchive.swift in Sources */,
			);
			runOnlyForDeploymentPostprocessing = 0;
		};
/* End PBXSourcesBuildPhase section */

/* Begin PBXTargetDependency section */
		C4D1C74E23C0F6B500F31911 /* PBXTargetDependency */ = {
			isa = PBXTargetDependency;
			target = C4D1C73523C0F6B100F31911 /* TodayWidgetDemo */;
			targetProxy = C4D1C74D23C0F6B500F31911 /* PBXContainerItemProxy */;
		};
		C4D1C76B23C0FEE300F31911 /* PBXTargetDependency */ = {
			isa = PBXTargetDependency;
			target = C4D1C75E23C0FEE300F31911 /* TodayWidgetDemoWidget */;
			targetProxy = C4D1C76A23C0FEE300F31911 /* PBXContainerItemProxy */;
		};
/* End PBXTargetDependency section */

/* Begin PBXVariantGroup section */
		C4D1C73F23C0F6B100F31911 /* Main.storyboard */ = {
			isa = PBXVariantGroup;
			children = (
				C4D1C74023C0F6B100F31911 /* Base */,
			);
			name = Main.storyboard;
			sourceTree = "<group>";
		};
		C4D1C74423C0F6B500F31911 /* LaunchScreen.storyboard */ = {
			isa = PBXVariantGroup;
			children = (
				C4D1C74523C0F6B500F31911 /* Base */,
			);
			name = LaunchScreen.storyboard;
			sourceTree = "<group>";
		};
		C4D1C76623C0FEE300F31911 /* MainInterface.storyboard */ = {
			isa = PBXVariantGroup;
			children = (
				C4D1C76723C0FEE300F31911 /* Base */,
			);
			name = MainInterface.storyboard;
			sourceTree = "<group>";
		};
/* End PBXVariantGroup section */

/* Begin XCBuildConfiguration section */
		C4D1C75323C0F6B500F31911 /* Debug */ = {
			isa = XCBuildConfiguration;
			buildSettings = {
				ALWAYS_SEARCH_USER_PATHS = NO;
				CLANG_ANALYZER_NONNULL = YES;
				CLANG_ANALYZER_NUMBER_OBJECT_CONVERSION = YES_AGGRESSIVE;
				CLANG_CXX_LANGUAGE_STANDARD = "gnu++14";
				CLANG_CXX_LIBRARY = "libc++";
				CLANG_ENABLE_MODULES = YES;
				CLANG_ENABLE_OBJC_ARC = YES;
				CLANG_ENABLE_OBJC_WEAK = YES;
				CLANG_WARN_BLOCK_CAPTURE_AUTORELEASING = YES;
				CLANG_WARN_BOOL_CONVERSION = YES;
				CLANG_WARN_COMMA = YES;
				CLANG_WARN_CONSTANT_CONVERSION = YES;
				CLANG_WARN_DEPRECATED_OBJC_IMPLEMENTATIONS = YES;
				CLANG_WARN_DIRECT_OBJC_ISA_USAGE = YES_ERROR;
				CLANG_WARN_DOCUMENTATION_COMMENTS = YES;
				CLANG_WARN_EMPTY_BODY = YES;
				CLANG_WARN_ENUM_CONVERSION = YES;
				CLANG_WARN_INFINITE_RECURSION = YES;
				CLANG_WARN_INT_CONVERSION = YES;
				CLANG_WARN_NON_LITERAL_NULL_CONVERSION = YES;
				CLANG_WARN_OBJC_IMPLICIT_RETAIN_SELF = YES;
				CLANG_WARN_OBJC_LITERAL_CONVERSION = YES;
				CLANG_WARN_OBJC_ROOT_CLASS = YES_ERROR;
				CLANG_WARN_RANGE_LOOP_ANALYSIS = YES;
				CLANG_WARN_STRICT_PROTOTYPES = YES;
				CLANG_WARN_SUSPICIOUS_MOVE = YES;
				CLANG_WARN_UNGUARDED_AVAILABILITY = YES_AGGRESSIVE;
				CLANG_WARN_UNREACHABLE_CODE = YES;
				CLANG_WARN__DUPLICATE_METHOD_MATCH = YES;
				COPY_PHASE_STRIP = NO;
				DEBUG_INFORMATION_FORMAT = dwarf;
				ENABLE_STRICT_OBJC_MSGSEND = YES;
				ENABLE_TESTABILITY = YES;
				GCC_C_LANGUAGE_STANDARD = gnu11;
				GCC_DYNAMIC_NO_PIC = NO;
				GCC_NO_COMMON_BLOCKS = YES;
				GCC_OPTIMIZATION_LEVEL = 0;
				GCC_PREPROCESSOR_DEFINITIONS = (
					"DEBUG=1",
					"$(inherited)",
				);
				GCC_WARN_64_TO_32_BIT_CONVERSION = YES;
				GCC_WARN_ABOUT_RETURN_TYPE = YES_ERROR;
				GCC_WARN_UNDECLARED_SELECTOR = YES;
				GCC_WARN_UNINITIALIZED_AUTOS = YES_AGGRESSIVE;
				GCC_WARN_UNUSED_FUNCTION = YES;
				GCC_WARN_UNUSED_VARIABLE = YES;
				IPHONEOS_DEPLOYMENT_TARGET = 13.2;
				MTL_ENABLE_DEBUG_INFO = INCLUDE_SOURCE;
				MTL_FAST_MATH = YES;
				ONLY_ACTIVE_ARCH = YES;
				SDKROOT = iphoneos;
				SWIFT_ACTIVE_COMPILATION_CONDITIONS = DEBUG;
				SWIFT_OPTIMIZATION_LEVEL = "-Onone";
			};
			name = Debug;
		};
		C4D1C75423C0F6B500F31911 /* Release */ = {
			isa = XCBuildConfiguration;
			buildSettings = {
				ALWAYS_SEARCH_USER_PATHS = NO;
				CLANG_ANALYZER_NONNULL = YES;
				CLANG_ANALYZER_NUMBER_OBJECT_CONVERSION = YES_AGGRESSIVE;
				CLANG_CXX_LANGUAGE_STANDARD = "gnu++14";
				CLANG_CXX_LIBRARY = "libc++";
				CLANG_ENABLE_MODULES = YES;
				CLANG_ENABLE_OBJC_ARC = YES;
				CLANG_ENABLE_OBJC_WEAK = YES;
				CLANG_WARN_BLOCK_CAPTURE_AUTORELEASING = YES;
				CLANG_WARN_BOOL_CONVERSION = YES;
				CLANG_WARN_COMMA = YES;
				CLANG_WARN_CONSTANT_CONVERSION = YES;
				CLANG_WARN_DEPRECATED_OBJC_IMPLEMENTATIONS = YES;
				CLANG_WARN_DIRECT_OBJC_ISA_USAGE = YES_ERROR;
				CLANG_WARN_DOCUMENTATION_COMMENTS = YES;
				CLANG_WARN_EMPTY_BODY = YES;
				CLANG_WARN_ENUM_CONVERSION = YES;
				CLANG_WARN_INFINITE_RECURSION = YES;
				CLANG_WARN_INT_CONVERSION = YES;
				CLANG_WARN_NON_LITERAL_NULL_CONVERSION = YES;
				CLANG_WARN_OBJC_IMPLICIT_RETAIN_SELF = YES;
				CLANG_WARN_OBJC_LITERAL_CONVERSION = YES;
				CLANG_WARN_OBJC_ROOT_CLASS = YES_ERROR;
				CLANG_WARN_RANGE_LOOP_ANALYSIS = YES;
				CLANG_WARN_STRICT_PROTOTYPES = YES;
				CLANG_WARN_SUSPICIOUS_MOVE = YES;
				CLANG_WARN_UNGUARDED_AVAILABILITY = YES_AGGRESSIVE;
				CLANG_WARN_UNREACHABLE_CODE = YES;
				CLANG_WARN__DUPLICATE_METHOD_MATCH = YES;
				COPY_PHASE_STRIP = NO;
				DEBUG_INFORMATION_FORMAT = "dwarf-with-dsym";
				ENABLE_NS_ASSERTIONS = NO;
				ENABLE_STRICT_OBJC_MSGSEND = YES;
				GCC_C_LANGUAGE_STANDARD = gnu11;
				GCC_NO_COMMON_BLOCKS = YES;
				GCC_WARN_64_TO_32_BIT_CONVERSION = YES;
				GCC_WARN_ABOUT_RETURN_TYPE = YES_ERROR;
				GCC_WARN_UNDECLARED_SELECTOR = YES;
				GCC_WARN_UNINITIALIZED_AUTOS = YES_AGGRESSIVE;
				GCC_WARN_UNUSED_FUNCTION = YES;
				GCC_WARN_UNUSED_VARIABLE = YES;
				IPHONEOS_DEPLOYMENT_TARGET = 13.2;
				MTL_ENABLE_DEBUG_INFO = NO;
				MTL_FAST_MATH = YES;
				SDKROOT = iphoneos;
				SWIFT_COMPILATION_MODE = wholemodule;
				SWIFT_OPTIMIZATION_LEVEL = "-O";
				VALIDATE_PRODUCT = YES;
			};
			name = Release;
		};
		C4D1C75623C0F6B500F31911 /* Debug */ = {
			isa = XCBuildConfiguration;
			buildSettings = {
				ALWAYS_EMBED_SWIFT_STANDARD_LIBRARIES = YES;
				ASSETCATALOG_COMPILER_APPICON_NAME = AppIcon;
				CODE_SIGN_ENTITLEMENTS = TodayWidgetDemo/TodayWidgetDemo.entitlements;
				CODE_SIGN_STYLE = Automatic;
				DEVELOPMENT_TEAM = 8G7W6WCEM9;
				INFOPLIST_FILE = TodayWidgetDemo/Info.plist;
				IPHONEOS_DEPLOYMENT_TARGET = 11.0;
				LD_RUNPATH_SEARCH_PATHS = (
					"$(inherited)",
					"@executable_path/Frameworks",
				);
				PRODUCT_BUNDLE_IDENTIFIER = net.cockleburr.TodayWidgetDemo;
				PRODUCT_NAME = "Today Widget Demo";
				SWIFT_VERSION = 5.0;
				TARGETED_DEVICE_FAMILY = "1,2";
			};
			name = Debug;
		};
		C4D1C75723C0F6B500F31911 /* Release */ = {
			isa = XCBuildConfiguration;
			buildSettings = {
				ALWAYS_EMBED_SWIFT_STANDARD_LIBRARIES = YES;
				ASSETCATALOG_COMPILER_APPICON_NAME = AppIcon;
				CODE_SIGN_ENTITLEMENTS = TodayWidgetDemo/TodayWidgetDemo.entitlements;
				CODE_SIGN_STYLE = Automatic;
				DEVELOPMENT_TEAM = 8G7W6WCEM9;
				INFOPLIST_FILE = TodayWidgetDemo/Info.plist;
				IPHONEOS_DEPLOYMENT_TARGET = 11.0;
				LD_RUNPATH_SEARCH_PATHS = (
					"$(inherited)",
					"@executable_path/Frameworks",
				);
				PRODUCT_BUNDLE_IDENTIFIER = net.cockleburr.TodayWidgetDemo;
				PRODUCT_NAME = "Today Widget Demo";
				SWIFT_VERSION = 5.0;
				TARGETED_DEVICE_FAMILY = "1,2";
			};
			name = Release;
		};
		C4D1C75923C0F6B500F31911 /* Debug */ = {
			isa = XCBuildConfiguration;
			buildSettings = {
				ALWAYS_EMBED_SWIFT_STANDARD_LIBRARIES = YES;
				BUNDLE_LOADER = "$(TEST_HOST)";
				CODE_SIGN_STYLE = Automatic;
				DEVELOPMENT_TEAM = 8G7W6WCEM9;
				INFOPLIST_FILE = TodayWidgetDemoTests/Info.plist;
				IPHONEOS_DEPLOYMENT_TARGET = 13.2;
				LD_RUNPATH_SEARCH_PATHS = (
					"$(inherited)",
					"@executable_path/Frameworks",
					"@loader_path/Frameworks",
				);
				PRODUCT_BUNDLE_IDENTIFIER = net.cockleburr.TodayWidgetDemoTests;
				PRODUCT_NAME = "$(TARGET_NAME)";
				SWIFT_VERSION = 5.0;
				TARGETED_DEVICE_FAMILY = "1,2";
				TEST_HOST = "$(BUILT_PRODUCTS_DIR)/TodayWidgetDemo.app/TodayWidgetDemo";
			};
			name = Debug;
		};
		C4D1C75A23C0F6B500F31911 /* Release */ = {
			isa = XCBuildConfiguration;
			buildSettings = {
				ALWAYS_EMBED_SWIFT_STANDARD_LIBRARIES = YES;
				BUNDLE_LOADER = "$(TEST_HOST)";
				CODE_SIGN_STYLE = Automatic;
				DEVELOPMENT_TEAM = 8G7W6WCEM9;
				INFOPLIST_FILE = TodayWidgetDemoTests/Info.plist;
				IPHONEOS_DEPLOYMENT_TARGET = 13.2;
				LD_RUNPATH_SEARCH_PATHS = (
					"$(inherited)",
					"@executable_path/Frameworks",
					"@loader_path/Frameworks",
				);
				PRODUCT_BUNDLE_IDENTIFIER = net.cockleburr.TodayWidgetDemoTests;
				PRODUCT_NAME = "$(TARGET_NAME)";
				SWIFT_VERSION = 5.0;
				TARGETED_DEVICE_FAMILY = "1,2";
				TEST_HOST = "$(BUILT_PRODUCTS_DIR)/TodayWidgetDemo.app/TodayWidgetDemo";
			};
			name = Release;
		};
		C4D1C76E23C0FEE300F31911 /* Debug */ = {
			isa = XCBuildConfiguration;
			buildSettings = {
				CODE_SIGN_ENTITLEMENTS = TodayWidgetDemoWidget/TodayWidgetDemoWidget.entitlements;
				CODE_SIGN_STYLE = Automatic;
				DEVELOPMENT_TEAM = 8G7W6WCEM9;
				INFOPLIST_FILE = TodayWidgetDemoWidget/Info.plist;
				LD_RUNPATH_SEARCH_PATHS = (
					"$(inherited)",
					"@executable_path/Frameworks",
					"@executable_path/../../Frameworks",
				);
				PRODUCT_BUNDLE_IDENTIFIER = net.cockleburr.TodayWidgetDemo.TodayWidgetDemoWidget;
				PRODUCT_NAME = "Today Widget Demo Widget";
				SKIP_INSTALL = YES;
				SWIFT_VERSION = 5.0;
				TARGETED_DEVICE_FAMILY = "1,2";
			};
			name = Debug;
		};
		C4D1C76F23C0FEE300F31911 /* Release */ = {
			isa = XCBuildConfiguration;
			buildSettings = {
				CODE_SIGN_ENTITLEMENTS = TodayWidgetDemoWidget/TodayWidgetDemoWidget.entitlements;
				CODE_SIGN_STYLE = Automatic;
				DEVELOPMENT_TEAM = 8G7W6WCEM9;
				INFOPLIST_FILE = TodayWidgetDemoWidget/Info.plist;
				LD_RUNPATH_SEARCH_PATHS = (
					"$(inherited)",
					"@executable_path/Frameworks",
					"@executable_path/../../Frameworks",
				);
				PRODUCT_BUNDLE_IDENTIFIER = net.cockleburr.TodayWidgetDemo.TodayWidgetDemoWidget;
				PRODUCT_NAME = "Today Widget Demo Widget";
				SKIP_INSTALL = YES;
				SWIFT_VERSION = 5.0;
				TARGETED_DEVICE_FAMILY = "1,2";
			};
			name = Release;
		};
/* End XCBuildConfiguration section */

/* Begin XCConfigurationList section */
		C4D1C73123C0F6B100F31911 /* Build configuration list for PBXProject "TodayWidgetDemo" */ = {
			isa = XCConfigurationList;
			buildConfigurations = (
				C4D1C75323C0F6B500F31911 /* Debug */,
				C4D1C75423C0F6B500F31911 /* Release */,
			);
			defaultConfigurationIsVisible = 0;
			defaultConfigurationName = Release;
		};
		C4D1C75523C0F6B500F31911 /* Build configuration list for PBXNativeTarget "TodayWidgetDemo" */ = {
			isa = XCConfigurationList;
			buildConfigurations = (
				C4D1C75623C0F6B500F31911 /* Debug */,
				C4D1C75723C0F6B500F31911 /* Release */,
			);
			defaultConfigurationIsVisible = 0;
			defaultConfigurationName = Release;
		};
		C4D1C75823C0F6B500F31911 /* Build configuration list for PBXNativeTarget "TodayWidgetDemoTests" */ = {
			isa = XCConfigurationList;
			buildConfigurations = (
				C4D1C75923C0F6B500F31911 /* Debug */,
				C4D1C75A23C0F6B500F31911 /* Release */,
			);
			defaultConfigurationIsVisible = 0;
			defaultConfigurationName = Release;
		};
		C4D1C76D23C0FEE300F31911 /* Build configuration list for PBXNativeTarget "TodayWidgetDemoWidget" */ = {
			isa = XCConfigurationList;
			buildConfigurations = (
				C4D1C76E23C0FEE300F31911 /* Debug */,
				C4D1C76F23C0FEE300F31911 /* Release */,
			);
			defaultConfigurationIsVisible = 0;
			defaultConfigurationName = Release;
		};
/* End XCConfigurationList section */
	};
	rootObject = C4D1C72E23C0F6B100F31911 /* Project object */;
}
